<?xml version="1.0" encoding="utf-8"?>
<Project ToolsVersion="4.0" xmlns="http://schemas.microsoft.com/developer/msbuild/2003">
  <ItemGroup>
    <ClCompile Include="main.cpp" />
    <ClCompile Include="..\CenterWindow.cpp">
      <Filter>lsMisc\2 Source</Filter>
    </ClCompile>
    <ClCompile Include="..\ChangeFilenamable.cpp">
      <Filter>lsMisc\2 Source</Filter>
    </ClCompile>
    <ClCompile Include="..\CreateSimpleWindow.cpp">
      <Filter>lsMisc\2 Source</Filter>
    </ClCompile>
    <ClCompile Include="..\FormatSizeof.cpp">
      <Filter>lsMisc\2 Source</Filter>
    </ClCompile>
    <ClCompile Include="..\GetVersionString.cpp">
      <Filter>lsMisc\2 Source</Filter>
    </ClCompile>
    <ClCompile Include="..\IsFileExists.cpp">
      <Filter>lsMisc\2 Source</Filter>
    </ClCompile>
    <ClCompile Include="..\LCMapCommon.cpp">
      <Filter>lsMisc\2 Source</Filter>
    </ClCompile>
    <ClCompile Include="..\OpenCommon.cpp">
      <Filter>lsMisc\2 Source</Filter>
    </ClCompile>
    <ClCompile Include="..\PathUtil.cpp">
      <Filter>lsMisc\2 Source</Filter>
    </ClCompile>
    <ClCompile Include="..\SHMoveFile.cpp">
      <Filter>lsMisc\2 Source</Filter>
    </ClCompile>
    <ClCompile Include="..\UrlEncode.cpp">
      <Filter>lsMisc\2 Source</Filter>
    </ClCompile>
    <ClCompile Include="..\UTF16toUTF8.cpp">
      <Filter>lsMisc\2 Source</Filter>
    </ClCompile>
    <ClCompile Include="testStlsoft.cpp">
      <Filter>Test Files</Filter>
    </ClCompile>
    <ClCompile Include="testOpenedFiles.cpp">
      <Filter>Test Files</Filter>
    </ClCompile>
    <ClCompile Include="..\I18N.cpp">
      <Filter>lsMisc\2 Source</Filter>
    </ClCompile>
    <ClCompile Include="..\OpenedFiles.cpp">
      <Filter>lsMisc\2 Source</Filter>
    </ClCompile>
    <ClCompile Include="..\CommandLineParser.cpp">
      <Filter>lsMisc\2 Source</Filter>
    </ClCompile>
    <ClCompile Include="..\sqlite3.c">
      <Filter>lsMisc\2 Source</Filter>
    </ClCompile>
    <ClCompile Include="..\ChangeDirPos.cpp">
      <Filter>lsMisc\2 Source</Filter>
    </ClCompile>
    <ClCompile Include="..\CLogger.cpp">
      <Filter>lsMisc\2 Source</Filter>
    </ClCompile>
    <ClCompile Include="..\CommandLineUtil.cpp">
      <Filter>lsMisc\2 Source</Filter>
    </ClCompile>
    <ClCompile Include="..\ConfirmErrorRetry.cpp">
      <Filter>lsMisc\2 Source</Filter>
    </ClCompile>
    <ClCompile Include="..\CreateCompleteDirectory.cpp">
      <Filter>lsMisc\2 Source</Filter>
    </ClCompile>
    <ClCompile Include="..\CreateFolderIniPath.cpp">
      <Filter>lsMisc\2 Source</Filter>
    </ClCompile>
    <ClCompile Include="..\CreateProcessCommon.cpp">
      <Filter>lsMisc\2 Source</Filter>
    </ClCompile>
    <ClCompile Include="..\CreateShortcutFile.cpp">
      <Filter>lsMisc\2 Source</Filter>
    </ClCompile>
    <ClCompile Include="..\DebugMacro.cpp">
      <Filter>lsMisc\2 Source</Filter>
    </ClCompile>
    <ClCompile Include="..\DeleteIECache.cpp">
      <Filter>lsMisc\2 Source</Filter>
    </ClCompile>
    <ClCompile Include="..\EnableDebugPriv.cpp">
      <Filter>lsMisc\2 Source</Filter>
    </ClCompile>
    <ClCompile Include="..\GetChildWindowBy.cpp">
      <Filter>lsMisc\2 Source</Filter>
    </ClCompile>
    <ClCompile Include="..\GetClipboardText.cpp">
      <Filter>lsMisc\2 Source</Filter>
    </ClCompile>
    <ClCompile Include="..\GetDesktopDir.cpp">
      <Filter>lsMisc\2 Source</Filter>
    </ClCompile>
    <ClCompile Include="..\GetDirFromPath.cpp">
      <Filter>lsMisc\2 Source</Filter>
    </ClCompile>
    <ClCompile Include="..\GetFilableUserName.cpp">
      <Filter>lsMisc\2 Source</Filter>
    </ClCompile>
    <ClCompile Include="..\GetFileNameFromHwnd.cpp">
      <Filter>lsMisc\2 Source</Filter>
    </ClCompile>
    <ClCompile Include="..\GetFilesInfo.cpp">
      <Filter>lsMisc\2 Source</Filter>
    </ClCompile>
    <ClCompile Include="..\GetFormattedTime.cpp">
      <Filter>lsMisc\2 Source</Filter>
    </ClCompile>
    <ClCompile Include="..\GetHotkeyString.cpp">
      <Filter>lsMisc\2 Source</Filter>
    </ClCompile>
    <ClCompile Include="..\GetLastErrorString.cpp">
      <Filter>lsMisc\2 Source</Filter>
    </ClCompile>
    <ClCompile Include="..\GetModuleDirectory.cpp">
      <Filter>lsMisc\2 Source</Filter>
    </ClCompile>
    <ClCompile Include="..\GetOpenFile.cpp">
      <Filter>lsMisc\2 Source</Filter>
    </ClCompile>
    <ClCompile Include="..\GetSelItems.cpp">
      <Filter>lsMisc\2 Source</Filter>
    </ClCompile>
    <ClCompile Include="..\GetSpecialFolderPath.cpp">
      <Filter>lsMisc\2 Source</Filter>
    </ClCompile>
    <ClCompile Include="..\getStdString.net.cpp">
      <Filter>lsMisc\2 Source</Filter>
    </ClCompile>
    <ClCompile Include="..\GetTopParent.cpp">
      <Filter>lsMisc\2 Source</Filter>
    </ClCompile>
    <ClCompile Include="..\GetUnexistingFile.cpp">
      <Filter>lsMisc\2 Source</Filter>
    </ClCompile>
    <ClCompile Include="..\GetURLFromClipboard.cpp">
      <Filter>lsMisc\2 Source</Filter>
    </ClCompile>
    <ClCompile Include="..\GetWorkingArea.cpp">
      <Filter>lsMisc\2 Source</Filter>
    </ClCompile>
    <ClCompile Include="..\HandleUtility.cpp">
      <Filter>lsMisc\2 Source</Filter>
    </ClCompile>
    <ClCompile Include="..\HtmlClipboard.cpp">
      <Filter>lsMisc\2 Source</Filter>
    </ClCompile>
    <ClCompile Include="..\Ini.cpp">
      <Filter>lsMisc\2 Source</Filter>
    </ClCompile>
    <ClCompile Include="..\Is64.cpp">
      <Filter>lsMisc\2 Source</Filter>
    </ClCompile>
    <ClCompile Include="..\IsAllDigit.cpp">
      <Filter>lsMisc\2 Source</Filter>
    </ClCompile>
    <ClCompile Include="..\IsFilenamable.cpp">
      <Filter>lsMisc\2 Source</Filter>
    </ClCompile>
    <ClCompile Include="..\IsFileOpen.cpp">
      <Filter>lsMisc\2 Source</Filter>
    </ClCompile>
    <ClCompile Include="..\IsHasExtension.cpp">
      <Filter>lsMisc\2 Source</Filter>
    </ClCompile>
    <ClCompile Include="..\IsInDesktop.cpp">
      <Filter>lsMisc\2 Source</Filter>
    </ClCompile>
    <ClCompile Include="..\IsRegKeyExists.cpp">
      <Filter>lsMisc\2 Source</Filter>
    </ClCompile>
    <ClCompile Include="..\IsSamePath.cpp">
      <Filter>lsMisc\2 Source</Filter>
    </ClCompile>
    <ClCompile Include="..\IsTextFileExtension.cpp">
      <Filter>lsMisc\2 Source</Filter>
    </ClCompile>
    <ClCompile Include="..\IsValidString.cpp">
      <Filter>lsMisc\2 Source</Filter>
    </ClCompile>
    <ClCompile Include="..\IsWindowsNT.cpp">
      <Filter>lsMisc\2 Source</Filter>
    </ClCompile>
    <ClCompile Include="..\md5.cpp">
      <Filter>lsMisc\2 Source</Filter>
    </ClCompile>
    <ClCompile Include="..\MFCHelper.cpp">
      <Filter>lsMisc\2 Source</Filter>
    </ClCompile>
    <ClCompile Include="..\myStrStrI.cpp">
      <Filter>lsMisc\2 Source</Filter>
    </ClCompile>
    <ClCompile Include="..\Registory.cpp">
      <Filter>lsMisc\2 Source</Filter>
    </ClCompile>
    <ClCompile Include="..\RemoveLastInValidURLChar.cpp">
      <Filter>lsMisc\2 Source</Filter>
    </ClCompile>
    <ClCompile Include="..\ReplaceFileHelper.cpp">
      <Filter>lsMisc\2 Source</Filter>
    </ClCompile>
    <ClCompile Include="..\ResolveLink.cpp">
      <Filter>lsMisc\2 Source</Filter>
    </ClCompile>
    <ClCompile Include="..\SetClipboardText.cpp">
      <Filter>lsMisc\2 Source</Filter>
    </ClCompile>
    <ClCompile Include="..\SetCSIDLtoEnv.cpp">
      <Filter>lsMisc\2 Source</Filter>
    </ClCompile>
    <ClCompile Include="..\SetFileOntoClipboard.cpp">
      <Filter>lsMisc\2 Source</Filter>
    </ClCompile>
    <ClCompile Include="..\showballoon.cpp">
      <Filter>lsMisc\2 Source</Filter>
    </ClCompile>
    <ClCompile Include="..\SkipSpace.cpp">
      <Filter>lsMisc\2 Source</Filter>
    </ClCompile>
    <ClCompile Include="..\sqliteserialize.cpp">
      <Filter>lsMisc\2 Source</Filter>
    </ClCompile>
    <ClCompile Include="..\StartProcess.cpp">
      <Filter>lsMisc\2 Source</Filter>
    </ClCompile>
    <ClCompile Include="..\stringEndwith.cpp">
      <Filter>lsMisc\2 Source</Filter>
    </ClCompile>
    <ClCompile Include="..\UnHtmlEntity.cpp">
      <Filter>lsMisc\2 Source</Filter>
    </ClCompile>
    <ClCompile Include="..\vbregexp.cpp">
      <Filter>lsMisc\2 Source</Filter>
    </ClCompile>
    <ClCompile Include="..\WaitCursor.cpp">
      <Filter>lsMisc\2 Source</Filter>
    </ClCompile>
    <ClCompile Include="..\WaitWindowClose.cpp">
      <Filter>lsMisc\2 Source</Filter>
    </ClCompile>
    <ClCompile Include="..\WritePrivateProfileInt.cpp">
      <Filter>lsMisc\2 Source</Filter>
    </ClCompile>
    <ClCompile Include="..\WritePrivateProfileWString.cpp">
      <Filter>lsMisc\2 Source</Filter>
    </ClCompile>
    <ClCompile Include="..\XBrowseForFolder.cpp">
      <Filter>lsMisc\2 Source</Filter>
    </ClCompile>
    <ClCompile Include="debug.cpp" />
    <ClCompile Include="..\stdwin32\stdwin32.cpp">
      <Filter>lsMisc\2 Source</Filter>
    </ClCompile>
    <ClCompile Include="testOSTraits.cpp">
      <Filter>Test Files</Filter>
    </ClCompile>
    <ClCompile Include="..\RevealFolder.cpp">
      <Filter>lsMisc\2 Source</Filter>
    </ClCompile>
    <ClCompile Include="testExpandPath.cpp">
      <Filter>Test Files</Filter>
    </ClCompile>
    <ClCompile Include="..\ExpandPath.cpp">
      <Filter>lsMisc\2 Source</Filter>
    </ClCompile>
    <ClCompile Include="gtestUtf8toUtf16.cpp">
      <Filter>GTest Files</Filter>
    </ClCompile>
    <ClCompile Include="googletest\googletest\src\gtest-all.cc">
      <Filter>gtest</Filter>
    </ClCompile>
    <ClCompile Include="..\SystemInfo.cpp">
      <Filter>lsMisc\2 Source</Filter>
    </ClCompile>
    <ClCompile Include="gtestCommandLineParser.cpp">
      <Filter>GTest Files</Filter>
    </ClCompile>
    <ClCompile Include="gtestCommnadLineString.cpp">
      <Filter>GTest Files</Filter>
    </ClCompile>
    <ClCompile Include="gtestFormatSizeof.cpp">
      <Filter>GTest Files</Filter>
    </ClCompile>
    <ClCompile Include="gtestGetVersionString.cpp">
      <Filter>GTest Files</Filter>
    </ClCompile>
    <ClCompile Include="gtestHira2Kata.cpp">
      <Filter>GTest Files</Filter>
    </ClCompile>
    <ClCompile Include="gtestI18N.cpp">
      <Filter>GTest Files</Filter>
    </ClCompile>
    <ClCompile Include="gtestMoveWindowCommon.cpp">
      <Filter>GTest Files</Filter>
    </ClCompile>
    <ClCompile Include="gtestOpenCommon.cpp">
      <Filter>GTest Files</Filter>
    </ClCompile>
    <ClCompile Include="gtestSHMoveFile.cpp">
      <Filter>GTest Files</Filter>
    </ClCompile>
    <ClCompile Include="gtestRevealFolder.cpp">
      <Filter>GTest Files</Filter>
    </ClCompile>
    <ClCompile Include="gtestShowBalloon.cpp">
      <Filter>GTest Files</Filter>
    </ClCompile>
    <ClCompile Include="gtestUrlEncode.cpp">
      <Filter>GTest Files</Filter>
    </ClCompile>
    <ClCompile Include="gtestPathUtil.cpp">
      <Filter>GTest Files</Filter>
    </ClCompile>
    <ClCompile Include="..\GetProcessList.cpp">
      <Filter>lsMisc\2 Source</Filter>
    </ClCompile>
    <ClCompile Include="gtestGetProcessList.cpp">
      <Filter>GTest Files</Filter>
    </ClCompile>
    <ClCompile Include="gtestChangeFilenamable.cpp">
      <Filter>GTest Files</Filter>
    </ClCompile>
    <ClCompile Include="..\AddBaseElement.cpp">
      <Filter>lsMisc\2 Source</Filter>
    </ClCompile>
    <ClCompile Include="..\AddCharset.cpp">
      <Filter>lsMisc\2 Source</Filter>
    </ClCompile>
    <ClCompile Include="..\BrowseFolder.cpp">
      <Filter>lsMisc\2 Source</Filter>
    </ClCompile>
    <ClCompile Include="..\GetFromHtmlLikeDataW.cpp">
      <Filter>lsMisc\2 Source</Filter>
    </ClCompile>
    <ClCompile Include="..\PragmaShowVersions.cpp">
      <Filter>lsMisc\2 Source</Filter>
    </ClCompile>
    <ClCompile Include="..\GetWindowTstring.cpp">
      <Filter>lsMisc\2 Source</Filter>
    </ClCompile>
    <ClCompile Include="StdAfx.cpp" />
    <ClCompile Include="gtestOpParser.cpp">
      <Filter>GTest Files</Filter>
    </ClCompile>
    <ClCompile Include="gtestGtest.cpp">
      <Filter>GTest Files</Filter>
    </ClCompile>
    <ClCompile Include="gtestSetPriority.cpp">
      <Filter>GTest Files</Filter>
    </ClCompile>
    <ClCompile Include="..\SetPrority_win.cpp" />
  </ItemGroup>
  <ItemGroup>
    <ClInclude Include="..\CenterWindow.h">
      <Filter>lsMisc\1 Header</Filter>
    </ClInclude>
    <ClInclude Include="..\ChangeFilenamable.h">
      <Filter>lsMisc\1 Header</Filter>
    </ClInclude>
    <ClInclude Include="..\CreateSimpleWindow.h">
      <Filter>lsMisc\1 Header</Filter>
    </ClInclude>
    <ClInclude Include="..\FormatSizeof.h">
      <Filter>lsMisc\1 Header</Filter>
    </ClInclude>
    <ClInclude Include="..\GetVersionString.h">
      <Filter>lsMisc\1 Header</Filter>
    </ClInclude>
    <ClInclude Include="..\IsFileExists.h">
      <Filter>lsMisc\1 Header</Filter>
    </ClInclude>
    <ClInclude Include="..\LCMapCommon.h">
      <Filter>lsMisc\1 Header</Filter>
    </ClInclude>
    <ClInclude Include="..\OpenCommon.h">
      <Filter>lsMisc\1 Header</Filter>
    </ClInclude>
    <ClInclude Include="..\UTF16toUTF8.h">
      <Filter>lsMisc\1 Header</Filter>
    </ClInclude>
    <ClInclude Include="..\UrlEncode.h">
      <Filter>lsMisc\1 Header</Filter>
    </ClInclude>
    <ClInclude Include="..\SHMoveFile.h">
      <Filter>lsMisc\1 Header</Filter>
    </ClInclude>
    <ClInclude Include="..\PathUtil.h">
      <Filter>lsMisc\1 Header</Filter>
    </ClInclude>
    <ClInclude Include="..\I18N.h">
      <Filter>lsMisc\1 Header</Filter>
    </ClInclude>
    <ClInclude Include="..\OpenedFiles.h">
      <Filter>lsMisc\1 Header</Filter>
    </ClInclude>
    <ClInclude Include="..\CommandLineParser.h">
      <Filter>lsMisc\1 Header</Filter>
    </ClInclude>
    <ClInclude Include="..\AnyCloser.h">
      <Filter>lsMisc\1 Header</Filter>
    </ClInclude>
    <ClInclude Include="..\BasicScopeOutHandler.h">
      <Filter>lsMisc\1 Header</Filter>
    </ClInclude>
    <ClInclude Include="..\CBool.h">
      <Filter>lsMisc\1 Header</Filter>
    </ClInclude>
    <ClInclude Include="..\ChangeDirPos.h">
      <Filter>lsMisc\1 Header</Filter>
    </ClInclude>
    <ClInclude Include="..\CInt.h">
      <Filter>lsMisc\1 Header</Filter>
    </ClInclude>
    <ClInclude Include="..\CLogger.h">
      <Filter>lsMisc\1 Header</Filter>
    </ClInclude>
    <ClInclude Include="..\CommandLineUtil.h">
      <Filter>lsMisc\1 Header</Filter>
    </ClInclude>
    <ClInclude Include="..\ConfirmErrorRetry.h">
      <Filter>lsMisc\1 Header</Filter>
    </ClInclude>
    <ClInclude Include="..\CreateCompleteDirectory.h">
      <Filter>lsMisc\1 Header</Filter>
    </ClInclude>
    <ClInclude Include="..\CreateFolderIniPath.h">
      <Filter>lsMisc\1 Header</Filter>
    </ClInclude>
    <ClInclude Include="..\CreateProcessCommon.h">
      <Filter>lsMisc\1 Header</Filter>
    </ClInclude>
    <ClInclude Include="..\CreateShortcutFile.h">
      <Filter>lsMisc\1 Header</Filter>
    </ClInclude>
    <ClInclude Include="..\CreateWString.h">
      <Filter>lsMisc\1 Header</Filter>
    </ClInclude>
    <ClInclude Include="..\DebugMacro.h">
      <Filter>lsMisc\1 Header</Filter>
    </ClInclude>
    <ClInclude Include="..\DeleteIECache.h">
      <Filter>lsMisc\1 Header</Filter>
    </ClInclude>
    <ClInclude Include="..\EnableDebugPriv.h">
      <Filter>lsMisc\1 Header</Filter>
    </ClInclude>
    <ClInclude Include="..\EveryCloser.h">
      <Filter>lsMisc\1 Header</Filter>
    </ClInclude>
    <ClInclude Include="..\GetChildWindowBy.h">
      <Filter>lsMisc\1 Header</Filter>
    </ClInclude>
    <ClInclude Include="..\GetClipboardText.h">
      <Filter>lsMisc\1 Header</Filter>
    </ClInclude>
    <ClInclude Include="..\GetDesktopDir.h">
      <Filter>lsMisc\1 Header</Filter>
    </ClInclude>
    <ClInclude Include="..\GetDirFromPath.h">
      <Filter>lsMisc\1 Header</Filter>
    </ClInclude>
    <ClInclude Include="..\GetFilableUserName.h">
      <Filter>lsMisc\1 Header</Filter>
    </ClInclude>
    <ClInclude Include="..\GetFileNameFromHwnd.h">
      <Filter>lsMisc\1 Header</Filter>
    </ClInclude>
    <ClInclude Include="..\GetFilesInfo.h">
      <Filter>lsMisc\1 Header</Filter>
    </ClInclude>
    <ClInclude Include="..\GetFormattedTime.h">
      <Filter>lsMisc\1 Header</Filter>
    </ClInclude>
    <ClInclude Include="..\GetHotkeyString.h">
      <Filter>lsMisc\1 Header</Filter>
    </ClInclude>
    <ClInclude Include="..\GetIETempFile.h">
      <Filter>lsMisc\1 Header</Filter>
    </ClInclude>
    <ClInclude Include="..\GetLastErrorString.h">
      <Filter>lsMisc\1 Header</Filter>
    </ClInclude>
    <ClInclude Include="..\GetModuleDirectory.h">
      <Filter>lsMisc\1 Header</Filter>
    </ClInclude>
    <ClInclude Include="..\GetOpenFile.h">
      <Filter>lsMisc\1 Header</Filter>
    </ClInclude>
    <ClInclude Include="..\GetSelItems.h">
      <Filter>lsMisc\1 Header</Filter>
    </ClInclude>
    <ClInclude Include="..\GetSpecialFolderPath.h">
      <Filter>lsMisc\1 Header</Filter>
    </ClInclude>
    <ClInclude Include="..\getStdString.net.h">
      <Filter>lsMisc\1 Header</Filter>
    </ClInclude>
    <ClInclude Include="..\GetTopParent.h">
      <Filter>lsMisc\1 Header</Filter>
    </ClInclude>
    <ClInclude Include="..\GetUnexistingFile.h">
      <Filter>lsMisc\1 Header</Filter>
    </ClInclude>
    <ClInclude Include="..\GetURLFromClipboard.h">
      <Filter>lsMisc\1 Header</Filter>
    </ClInclude>
    <ClInclude Include="..\GetWorkingArea.h">
      <Filter>lsMisc\1 Header</Filter>
    </ClInclude>
    <ClInclude Include="..\HandleUtility.h">
      <Filter>lsMisc\1 Header</Filter>
    </ClInclude>
    <ClInclude Include="..\HelpDefines.h">
      <Filter>lsMisc\1 Header</Filter>
    </ClInclude>
    <ClInclude Include="..\HtmlClipboard.h">
      <Filter>lsMisc\1 Header</Filter>
    </ClInclude>
    <ClInclude Include="..\Ini.h">
      <Filter>lsMisc\1 Header</Filter>
    </ClInclude>
    <ClInclude Include="..\Is64.h">
      <Filter>lsMisc\1 Header</Filter>
    </ClInclude>
    <ClInclude Include="..\IsAllDigit.h">
      <Filter>lsMisc\1 Header</Filter>
    </ClInclude>
    <ClInclude Include="..\IsDirectory.h">
      <Filter>lsMisc\1 Header</Filter>
    </ClInclude>
    <ClInclude Include="..\IsFilenamable.h">
      <Filter>lsMisc\1 Header</Filter>
    </ClInclude>
    <ClInclude Include="..\IsFileOpen.h">
      <Filter>lsMisc\1 Header</Filter>
    </ClInclude>
    <ClInclude Include="..\IsHasExtension.h">
      <Filter>lsMisc\1 Header</Filter>
    </ClInclude>
    <ClInclude Include="..\IsInDesktop.h">
      <Filter>lsMisc\1 Header</Filter>
    </ClInclude>
    <ClInclude Include="..\IsRegKeyExists.h">
      <Filter>lsMisc\1 Header</Filter>
    </ClInclude>
    <ClInclude Include="..\IsSamePath.h">
      <Filter>lsMisc\1 Header</Filter>
    </ClInclude>
    <ClInclude Include="..\IsTextFileExtension.h">
      <Filter>lsMisc\1 Header</Filter>
    </ClInclude>
    <ClInclude Include="..\IsValidString.h">
      <Filter>lsMisc\1 Header</Filter>
    </ClInclude>
    <ClInclude Include="..\IsWindowsNT.h">
      <Filter>lsMisc\1 Header</Filter>
    </ClInclude>
    <ClInclude Include="..\Lock.h">
      <Filter>lsMisc\1 Header</Filter>
    </ClInclude>
    <ClInclude Include="..\md5.h">
      <Filter>lsMisc\1 Header</Filter>
    </ClInclude>
    <ClInclude Include="..\MFCHelper.h">
      <Filter>lsMisc\1 Header</Filter>
    </ClInclude>
    <ClInclude Include="..\myStrStrI.h">
      <Filter>lsMisc\1 Header</Filter>
    </ClInclude>
    <ClInclude Include="..\Registory.h">
      <Filter>lsMisc\1 Header</Filter>
    </ClInclude>
    <ClInclude Include="..\RemoveLastInValidURLChar.h">
      <Filter>lsMisc\1 Header</Filter>
    </ClInclude>
    <ClInclude Include="..\ReplaceFileHelper.h">
      <Filter>lsMisc\1 Header</Filter>
    </ClInclude>
    <ClInclude Include="..\ResolveLink.h">
      <Filter>lsMisc\1 Header</Filter>
    </ClInclude>
    <ClInclude Include="..\SetClipboardText.h">
      <Filter>lsMisc\1 Header</Filter>
    </ClInclude>
    <ClInclude Include="..\SetCSIDLtoEnv.h">
      <Filter>lsMisc\1 Header</Filter>
    </ClInclude>
    <ClInclude Include="..\SetFileOntoClipboard.h">
      <Filter>lsMisc\1 Header</Filter>
    </ClInclude>
    <ClInclude Include="..\showballoon.h">
      <Filter>lsMisc\1 Header</Filter>
    </ClInclude>
    <ClInclude Include="..\SkipSpace.h">
      <Filter>lsMisc\1 Header</Filter>
    </ClInclude>
    <ClInclude Include="..\sqlite3.h">
      <Filter>lsMisc\1 Header</Filter>
    </ClInclude>
    <ClInclude Include="..\sqliteserialize.h">
      <Filter>lsMisc\1 Header</Filter>
    </ClInclude>
    <ClInclude Include="..\StartProcess.h">
      <Filter>lsMisc\1 Header</Filter>
    </ClInclude>
    <ClInclude Include="..\stlScopedClear.h">
      <Filter>lsMisc\1 Header</Filter>
    </ClInclude>
    <ClInclude Include="..\stringEndwith.h">
      <Filter>lsMisc\1 Header</Filter>
    </ClInclude>
    <ClInclude Include="..\tlsMap.h">
      <Filter>lsMisc\1 Header</Filter>
    </ClInclude>
    <ClInclude Include="..\tstring.h">
      <Filter>lsMisc\1 Header</Filter>
    </ClInclude>
    <ClInclude Include="..\TypeHelp.h">
      <Filter>lsMisc\1 Header</Filter>
    </ClInclude>
    <ClInclude Include="..\UnHtmlEntity.h">
      <Filter>lsMisc\1 Header</Filter>
    </ClInclude>
    <ClInclude Include="..\vbregexp.h">
      <Filter>lsMisc\1 Header</Filter>
    </ClInclude>
    <ClInclude Include="..\verify.h">
      <Filter>lsMisc\1 Header</Filter>
    </ClInclude>
    <ClInclude Include="..\WaitCursor.h">
      <Filter>lsMisc\1 Header</Filter>
    </ClInclude>
    <ClInclude Include="..\WaitWindowClose.h">
      <Filter>lsMisc\1 Header</Filter>
    </ClInclude>
    <ClInclude Include="..\WritePrivateProfileInt.h">
      <Filter>lsMisc\1 Header</Filter>
    </ClInclude>
    <ClInclude Include="..\WritePrivateProfileWString.h">
      <Filter>lsMisc\1 Header</Filter>
    </ClInclude>
    <ClInclude Include="..\XBrowseForFolder.h">
      <Filter>lsMisc\1 Header</Filter>
    </ClInclude>
    <ClInclude Include="..\CommandLineString.h">
      <Filter>lsMisc\1 Header</Filter>
    </ClInclude>
    <ClInclude Include="..\os_traits.h">
      <Filter>lsMisc\1 Header</Filter>
    </ClInclude>
    <ClInclude Include="..\stdwin32\stdwin32.h">
      <Filter>lsMisc\1 Header</Filter>
    </ClInclude>
    <ClInclude Include="..\RevealFolder.h">
      <Filter>lsMisc\1 Header</Filter>
    </ClInclude>
    <ClInclude Include="..\ExpandPath.h">
      <Filter>lsMisc\1 Header</Filter>
    </ClInclude>
    <ClInclude Include="..\SystemInfo.h">
      <Filter>lsMisc\1 Header</Filter>
    </ClInclude>
    <ClInclude Include="..\GetProcessList.h">
      <Filter>lsMisc\1 Header</Filter>
    </ClInclude>
    <ClInclude Include="..\PragmaShowVersions.h">
      <Filter>lsMisc\1 Header</Filter>
    </ClInclude>
    <ClInclude Include="..\AddBaseElement.h">
      <Filter>lsMisc\1 Header</Filter>
    </ClInclude>
    <ClInclude Include="..\AddCharset.h">
      <Filter>lsMisc\1 Header</Filter>
    </ClInclude>
    <ClInclude Include="..\BrowseFolder.h">
      <Filter>lsMisc\1 Header</Filter>
    </ClInclude>
    <ClInclude Include="..\GetFromHtmlLikeDataW.h">
      <Filter>lsMisc\1 Header</Filter>
    </ClInclude>
    <ClInclude Include="..\GetWindowTstring.h">
      <Filter>lsMisc\1 Header</Filter>
    </ClInclude>
    <ClInclude Include="..\OpParser.h">
      <Filter>lsMisc\1 Header</Filter>
    </ClInclude>
    <ClInclude Include="debug.h">
      <Filter>Header</Filter>
    </ClInclude>
    <ClInclude Include="StdAfx.h">
      <Filter>Header</Filter>
    </ClInclude>
    <ClInclude Include="resource.h">
      <Filter>Header</Filter>
    </ClInclude>
    <ClInclude Include="..\SetPrority.h" />
  </ItemGroup>
  <ItemGroup>
    <Filter Include="Test Files">
      <UniqueIdentifier>{43430429-1536-450c-82b8-85ab66f69f39}</UniqueIdentifier>
    </Filter>
    <Filter Include="lsMisc">
      <UniqueIdentifier>{084a73a9-8735-4bc7-9edb-1c324b405313}</UniqueIdentifier>
    </Filter>
    <Filter Include="lsMisc\1 Header">
      <UniqueIdentifier>{bc199108-6792-45c1-a9f7-e86ddf8c90af}</UniqueIdentifier>
    </Filter>
    <Filter Include="lsMisc\2 Source">
      <UniqueIdentifier>{5186c18b-00bd-4c8b-bf12-a388afaa042c}</UniqueIdentifier>
    </Filter>
    <Filter Include="GTest Files">
      <UniqueIdentifier>{94fd61e2-0663-4dcb-bfd0-d08f71669934}</UniqueIdentifier>
    </Filter>
    <Filter Include="lang">
      <UniqueIdentifier>{2ff9e5c6-e3e5-4de2-9ae2-7c7d6dedcee5}</UniqueIdentifier>
    </Filter>
    <Filter Include="gtest">
      <UniqueIdentifier>{6b14a10e-1189-40d4-b6bd-d2655c1f5728}</UniqueIdentifier>
    </Filter>
    <Filter Include="Resource">
      <UniqueIdentifier>{60021751-ef5b-4b39-bfb5-c43d1b7c20d8}</UniqueIdentifier>
    </Filter>
    <Filter Include="Header">
      <UniqueIdentifier>{47986b19-0e7d-47cc-9aa7-9fe4641e7537}</UniqueIdentifier>
    </Filter>
  </ItemGroup>
  <ItemGroup>
    <Text Include="lang\jpn.txt">
      <Filter>lang</Filter>
    </Text>
  </ItemGroup>
  <ItemGroup>
    <ResourceCompile Include="lsMiscTest.rc">
      <Filter>Resource</Filter>
    </ResourceCompile>
  </ItemGroup>
</Project>