
Microsoft Visual Studio Solution File, Format Version 9.00
# Visual C++ Express 2005
Project("{8BC9CEB8-8B4A-11D0-8D11-00A0C91BC942}") = "MyUtilityTest", "MyUtilityTest2005.vcproj", "{086AB526-37F9-465E-96DF-8229F05B4DBA}"
EndProject
Global
	GlobalSection(SolutionConfigurationPlatforms) = preSolution
		Debug|Win32 = Debug|Win32
		Release|Win32 = Release|Win32
	EndGlobalSection
	GlobalSection(ProjectConfigurationPlatforms) = postSolution
		{086AB526-37F9-465E-96DF-8229F05B4DBA}.Debug|Win32.ActiveCfg = Debug|Win32
		{086AB526-37F9-465E-96DF-8229F05B4DBA}.Debug|Win32.Build.0 = Debug|Win32
		{086AB526-37F9-465E-96DF-8229F05B4DBA}.Release|Win32.ActiveCfg = Release|Win32
		{086AB526-37F9-465E-96DF-8229F05B4DBA}.Release|Win32.Build.0 = Release|Win32
	EndGlobalSection
	GlobalSection(SolutionProperties) = preSolution
		HideSolutionNode = FALSE
	EndGlobalSection
EndGlobal
