
Microsoft Visual Studio Solution File, Format Version 10.00
# Visual C++ Express 2008
Project("{8BC9CEB8-8B4A-11D0-8D11-00A0C91BC942}") = "testReplaceFileHelper", "testReplaceFileHelper\testReplaceFileHelper2008.vcproj", "{346CBE23-F3EA-42A2-AA84-4DBEED69ED10}"
EndProject
Global
	GlobalSection(SolutionConfigurationPlatforms) = preSolution
		Debug|Win32 = Debug|Win32
		Release|Win32 = Release|Win32
		UnicodeDebug|Win32 = UnicodeDebug|Win32
	EndGlobalSection
	GlobalSection(ProjectConfigurationPlatforms) = postSolution
		{346CBE23-F3EA-42A2-AA84-4DBEED69ED10}.Debug|Win32.ActiveCfg = Debug|Win32
		{346CBE23-F3EA-42A2-AA84-4DBEED69ED10}.Debug|Win32.Build.0 = Debug|Win32
		{346CBE23-F3EA-42A2-AA84-4DBEED69ED10}.Release|Win32.ActiveCfg = Release|Win32
		{346CBE23-F3EA-42A2-AA84-4DBEED69ED10}.Release|Win32.Build.0 = Release|Win32
		{346CBE23-F3EA-42A2-AA84-4DBEED69ED10}.UnicodeDebug|Win32.ActiveCfg = UnicodeDebug|Win32
		{346CBE23-F3EA-42A2-AA84-4DBEED69ED10}.UnicodeDebug|Win32.Build.0 = UnicodeDebug|Win32
	EndGlobalSection
	GlobalSection(SolutionProperties) = preSolution
		HideSolutionNode = FALSE
	EndGlobalSection
EndGlobal
